
Microsoft Visual Studio Solution File, Format Version 12.00
# Visual Studio Version 17
VisualStudioVersion = 17.10.34928.147
MinimumVisualStudioVersion = 10.0.40219.1
Project("{FAE04EC0-301F-11D3-BF4B-00C04F79EFBC}") = "Quiz_Show", "Quiz_Show\Quiz_Show.csproj", "{B1188412-F4E2-412C-B74D-3A777E757F98}"
EndProject
Global
	GlobalSection(SolutionConfigurationPlatforms) = preSolution
		Debug|Any CPU = Debug|Any CPU
		Release|Any CPU = Release|Any CPU
	EndGlobalSection
	GlobalSection(ProjectConfigurationPlatforms) = postSolution
		{B1188412-F4E2-412C-B74D-3A777E757F98}.Debug|Any CPU.ActiveCfg = Debug|Any CPU
		{B1188412-F4E2-412C-B74D-3A777E757F98}.Debug|Any CPU.Build.0 = Debug|Any CPU
		{B1188412-F4E2-412C-B74D-3A777E757F98}.Release|Any CPU.ActiveCfg = Release|Any CPU
		{B1188412-F4E2-412C-B74D-3A777E757F98}.Release|Any CPU.Build.0 = Release|Any CPU
	EndGlobalSection
	GlobalSection(SolutionProperties) = preSolution
		HideSolutionNode = FALSE
	EndGlobalSection
	GlobalSection(ExtensibilityGlobals) = postSolution
		SolutionGuid = {B71E0F1E-8E78-481E-8C16-9D5708C52269}
	EndGlobalSection
EndGlobal
